// !$*UTF8*$!
{
	archiveVersion = 1;
	classes = {
	};
	objectVersion = 50;
	objects = {

/* Begin PBXBuildFile section */
		2C5B7D952088AD9200CD46C7 /* AppDelegate.swift in Sources */ = {isa = PBXBuildFile; fileRef = 2C5B7D942088AD9200CD46C7 /* AppDelegate.swift */; };
		2C5B7D972088AD9200CD46C7 /* ViewController.swift in Sources */ = {isa = PBXBuildFile; fileRef = 2C5B7D962088AD9200CD46C7 /* ViewController.swift */; };
		2C5B7D9A2088AD9200CD46C7 /* Main.storyboard in Resources */ = {isa = PBXBuildFile; fileRef = 2C5B7D982088AD9200CD46C7 /* Main.storyboard */; };
		2C5B7D9C2088AD9400CD46C7 /* Assets.xcassets in Resources */ = {isa = PBXBuildFile; fileRef = 2C5B7D9B2088AD9400CD46C7 /* Assets.xcassets */; };
		2C5B7D9F2088AD9400CD46C7 /* LaunchScreen.storyboard in Resources */ = {isa = PBXBuildFile; fileRef = 2C5B7D9D2088AD9400CD46C7 /* LaunchScreen.storyboard */; };
		2C5B7DAD2088ADC800CD46C7 /* KeyboardViewController.swift in Sources */ = {isa = PBXBuildFile; fileRef = 2C5B7DAC2088ADC800CD46C7 /* KeyboardViewController.swift */; };
		2C5B7DB12088ADC800CD46C7 /* SampleKeyboard.appex in Embed App Extensions */ = {isa = PBXBuildFile; fileRef = 2C5B7DAA2088ADC800CD46C7 /* SampleKeyboard.appex */; settings = {ATTRIBUTES = (RemoveHeadersOnCopy, ); }; };
/* End PBXBuildFile section */

/* Begin PBXContainerItemProxy section */
		2C5B7DAF2088ADC800CD46C7 /* PBXContainerItemProxy */ = {
			isa = PBXContainerItemProxy;
			containerPortal = 2C5B7D892088AD9200CD46C7 /* Project object */;
			proxyType = 1;
			remoteGlobalIDString = 2C5B7DA92088ADC800CD46C7;
			remoteInfo = SampleKeyboard;
		};
/* End PBXContainerItemProxy section */

/* Begin PBXCopyFilesBuildPhase section */
		2C5B7DB52088ADC800CD46C7 /* Embed App Extensions */ = {
			isa = PBXCopyFilesBuildPhase;
			buildActionMask = 2147483647;
			dstPath = "";
			dstSubfolderSpec = 13;
			files = (
				2C5B7DB12088ADC800CD46C7 /* SampleKeyboard.appex in Embed App Extensions */,
			);
			name = "Embed App Extensions";
			runOnlyForDeploymentPostprocessing = 0;
		};
/* End PBXCopyFilesBuildPhase section */

/* Begin PBXFileReference section */
		2C5B7D912088AD9200CD46C7 /* SampleApp.app */ = {isa = PBXFileReference; explicitFileType = wrapper.application; includeInIndex = 0; path = SampleApp.app; sourceTree = BUILT_PRODUCTS_DIR; };
		2C5B7D942088AD9200CD46C7 /* AppDelegate.swift */ = {isa = PBXFileReference; lastKnownFileType = sourcecode.swift; path = AppDelegate.swift; sourceTree = "<group>"; };
		2C5B7D962088AD9200CD46C7 /* ViewController.swift */ = {isa = PBXFileReference; lastKnownFileType = sourcecode.swift; path = ViewController.swift; sourceTree = "<group>"; };
		2C5B7D992088AD9200CD46C7 /* Base */ = {isa = PBXFileReference; lastKnownFileType = file.storyboard; name = Base; path = Base.lproj/Main.storyboard; sourceTree = "<group>"; };
		2C5B7D9B2088AD9400CD46C7 /* Assets.xcassets */ = {isa = PBXFileReference; lastKnownFileType = folder.assetcatalog; path = Assets.xcassets; sourceTree = "<group>"; };
		2C5B7D9E2088AD9400CD46C7 /* Base */ = {isa = PBXFileReference; lastKnownFileType = file.storyboard; name = Base; path = Base.lproj/LaunchScreen.storyboard; sourceTree = "<group>"; };
		2C5B7DA02088AD9400CD46C7 /* Info.plist */ = {isa = PBXFileReference; lastKnownFileType = text.plist.xml; path = Info.plist; sourceTree = "<group>"; };
		2C5B7DAA2088ADC800CD46C7 /* SampleKeyboard.appex */ = {isa = PBXFileReference; explicitFileType = "wrapper.app-extension"; includeInIndex = 0; path = SampleKeyboard.appex; sourceTree = BUILT_PRODUCTS_DIR; };
		2C5B7DAC2088ADC800CD46C7 /* KeyboardViewController.swift */ = {isa = PBXFileReference; lastKnownFileType = sourcecode.swift; path = KeyboardViewController.swift; sourceTree = "<group>"; };
		2C5B7DAE2088ADC800CD46C7 /* Info.plist */ = {isa = PBXFileReference; lastKnownFileType = text.plist.xml; path = Info.plist; sourceTree = "<group>"; };
/* End PBXFileReference section */

/* Begin PBXFrameworksBuildPhase section */
		2C5B7D8E2088AD9200CD46C7 /* Frameworks */ = {
			isa = PBXFrameworksBuildPhase;
			buildActionMask = 2147483647;
			files = (
			);
			runOnlyForDeploymentPostprocessing = 0;
		};
		2C5B7DA72088ADC800CD46C7 /* Frameworks */ = {
			isa = PBXFrameworksBuildPhase;
			buildActionMask = 2147483647;
			files = (
			);
			runOnlyForDeploymentPostprocessing = 0;
		};
/* End PBXFrameworksBuildPhase section */

/* Begin PBXGroup section */
		2C5B7D882088AD9200CD46C7 = {
			isa = PBXGroup;
			children = (
				2C5B7D932088AD9200CD46C7 /* SampleApp */,
				2C5B7DAB2088ADC800CD46C7 /* SampleKeyboard */,
				2C5B7D922088AD9200CD46C7 /* Products */,
			);
			sourceTree = "<group>";
		};
		2C5B7D922088AD9200CD46C7 /* Products */ = {
			isa = PBXGroup;
			children = (
				2C5B7D912088AD9200CD46C7 /* SampleApp.app */,
				2C5B7DAA2088ADC800CD46C7 /* SampleKeyboard.appex */,
			);
			name = Products;
			sourceTree = "<group>";
		};
		2C5B7D932088AD9200CD46C7 /* SampleApp */ = {
			isa = PBXGroup;
			children = (
				2C5B7D942088AD9200CD46C7 /* AppDelegate.swift */,
				2C5B7D962088AD9200CD46C7 /* ViewController.swift */,
				2C5B7D982088AD9200CD46C7 /* Main.storyboard */,
				2C5B7D9B2088AD9400CD46C7 /* Assets.xcassets */,
				2C5B7D9D2088AD9400CD46C7 /* LaunchScreen.storyboard */,
				2C5B7DA02088AD9400CD46C7 /* Info.plist */,
			);
			path = SampleApp;
			sourceTree = "<group>";
		};
		2C5B7DAB2088ADC800CD46C7 /* SampleKeyboard */ = {
			isa = PBXGroup;
			children = (
				2C5B7DAC2088ADC800CD46C7 /* KeyboardViewController.swift */,
				2C5B7DAE2088ADC800CD46C7 /* Info.plist */,
			);
			path = SampleKeyboard;
			sourceTree = "<group>";
		};
/* End PBXGroup section */

/* Begin PBXNativeTarget section */
		2C5B7D902088AD9200CD46C7 /* SampleApp */ = {
			isa = PBXNativeTarget;
			buildConfigurationList = 2C5B7DA32088AD9400CD46C7 /* Build configuration list for PBXNativeTarget "SampleApp" */;
			buildPhases = (
				2C5B7D8D2088AD9200CD46C7 /* Sources */,
				2C5B7D8E2088AD9200CD46C7 /* Frameworks */,
				2C5B7D8F2088AD9200CD46C7 /* Resources */,
				2C5B7DB52088ADC800CD46C7 /* Embed App Extensions */,
			);
			buildRules = (
			);
			dependencies = (
				2C5B7DB02088ADC800CD46C7 /* PBXTargetDependency */,
			);
			name = SampleApp;
			productName = SampleApp;
			productReference = 2C5B7D912088AD9200CD46C7 /* SampleApp.app */;
			productType = "com.apple.product-type.application";
		};
		2C5B7DA92088ADC800CD46C7 /* SampleKeyboard */ = {
			isa = PBXNativeTarget;
			buildConfigurationList = 2C5B7DB22088ADC800CD46C7 /* Build configuration list for PBXNativeTarget "SampleKeyboard" */;
			buildPhases = (
				2C5B7DA62088ADC800CD46C7 /* Sources */,
				2C5B7DA72088ADC800CD46C7 /* Frameworks */,
				2C5B7DA82088ADC800CD46C7 /* Resources */,
			);
			buildRules = (
			);
			dependencies = (
			);
			name = SampleKeyboard;
			productName = SampleKeyboard;
			productReference = 2C5B7DAA2088ADC800CD46C7 /* SampleKeyboard.appex */;
			productType = "com.apple.product-type.app-extension";
		};
/* End PBXNativeTarget section */

/* Begin PBXProject section */
		2C5B7D892088AD9200CD46C7 /* Project object */ = {
			isa = PBXProject;
			attributes = {
				LastSwiftUpdateCheck = 0930;
				LastUpgradeCheck = 0930;
				ORGANIZATIONNAME = TouchUtility.com;
				TargetAttributes = {
					2C5B7D902088AD9200CD46C7 = {
						CreatedOnToolsVersion = 9.3;
					};
					2C5B7DA92088ADC800CD46C7 = {
						CreatedOnToolsVersion = 9.3;
					};
				};
			};
			buildConfigurationList = 2C5B7D8C2088AD9200CD46C7 /* Build configuration list for PBXProject "SampleApp" */;
			compatibilityVersion = "Xcode 9.3";
			developmentRegion = en;
			hasScannedForEncodings = 0;
			knownRegions = (
				en,
				Base,
			);
			mainGroup = 2C5B7D882088AD9200CD46C7;
			productRefGroup = 2C5B7D922088AD9200CD46C7 /* Products */;
			projectDirPath = "";
			projectRoot = "";
			targets = (
				2C5B7D902088AD9200CD46C7 /* SampleApp */,
				2C5B7DA92088ADC800CD46C7 /* SampleKeyboard */,
			);
		};
/* End PBXProject section */

/* Begin PBXResourcesBuildPhase section */
		2C5B7D8F2088AD9200CD46C7 /* Resources */ = {
			isa = PBXResourcesBuildPhase;
			buildActionMask = 2147483647;
			files = (
				2C5B7D9F2088AD9400CD46C7 /* LaunchScreen.storyboard in Resources */,
				2C5B7D9C2088AD9400CD46C7 /* Assets.xcassets in Resources */,
				2C5B7D9A2088AD9200CD46C7 /* Main.storyboard in Resources */,
			);
			runOnlyForDeploymentPostprocessing = 0;
		};
		2C5B7DA82088ADC800CD46C7 /* Resources */ = {
			isa = PBXResourcesBuildPhase;
			buildActionMask = 2147483647;
			files = (
			);
			runOnlyForDeploymentPostprocessing = 0;
		};
/* End PBXResourcesBuildPhase section */

/* Begin PBXSourcesBuildPhase section */
		2C5B7D8D2088AD9200CD46C7 /* Sources */ = {
			isa = PBXSourcesBuildPhase;
			buildActionMask = 2147483647;
			files = (
				2C5B7D972088AD9200CD46C7 /* ViewController.swift in Sources */,
				2C5B7D952088AD9200CD46C7 /* AppDelegate.swift in Sources */,
			);
			runOnlyForDeploymentPostprocessing = 0;
		};
		2C5B7DA62088ADC800CD46C7 /* Sources */ = {
			isa = PBXSourcesBuildPhase;
			buildActionMask = 2147483647;
			files = (
				2C5B7DAD2088ADC800CD46C7 /* KeyboardViewController.swift in Sources */,
			);
			runOnlyForDeploymentPostprocessing = 0;
		};
/* End PBXSourcesBuildPhase section */

/* Begin PBXTargetDependency section */
		2C5B7DB02088ADC800CD46C7 /* PBXTargetDependency */ = {
			isa = PBXTargetDependency;
			target = 2C5B7DA92088ADC800CD46C7 /* SampleKeyboard */;
			targetProxy = 2C5B7DAF2088ADC800CD46C7 /* PBXContainerItemProxy */;
		};
/* End PBXTargetDependency section */

/* Begin PBXVariantGroup section */
		2C5B7D982088AD9200CD46C7 /* Main.storyboard */ = {
			isa = PBXVariantGroup;
			children = (
				2C5B7D992088AD9200CD46C7 /* Base */,
			);
			name = Main.storyboard;
			sourceTree = "<group>";
		};
		2C5B7D9D2088AD9400CD46C7 /* LaunchScreen.storyboard */ = {
			isa = PBXVariantGroup;
			children = (
				2C5B7D9E2088AD9400CD46C7 /* Base */,
			);
			name = LaunchScreen.storyboard;
			sourceTree = "<group>";
		};
/* End PBXVariantGroup section */

/* Begin XCBuildConfiguration section */
		2C5B7DA12088AD9400CD46C7 /* Debug */ = {
			isa = XCBuildConfiguration;
			buildSettings = {
				ALWAYS_SEARCH_USER_PATHS = NO;
				CLANG_ANALYZER_NONNULL = YES;
				CLANG_ANALYZER_NUMBER_OBJECT_CONVERSION = YES_AGGRESSIVE;
				CLANG_CXX_LANGUAGE_STANDARD = "gnu++14";
				CLANG_CXX_LIBRARY = "libc++";
				CLANG_ENABLE_MODULES = YES;
				CLANG_ENABLE_OBJC_ARC = YES;
				CLANG_ENABLE_OBJC_WEAK = YES;
				CLANG_WARN_BLOCK_CAPTURE_AUTORELEASING = YES;
				CLANG_WARN_BOOL_CONVERSION = YES;
				CLANG_WARN_COMMA = YES;
				CLANG_WARN_CONSTANT_CONVERSION = YES;
				CLANG_WARN_DEPRECATED_OBJC_IMPLEMENTATIONS = YES;
				CLANG_WARN_DIRECT_OBJC_ISA_USAGE = YES_ERROR;
				CLANG_WARN_DOCUMENTATION_COMMENTS = YES;
				CLANG_WARN_EMPTY_BODY = YES;
				CLANG_WARN_ENUM_CONVERSION = YES;
				CLANG_WARN_INFINITE_RECURSION = YES;
				CLANG_WARN_INT_CONVERSION = YES;
				CLANG_WARN_NON_LITERAL_NULL_CONVERSION = YES;
				CLANG_WARN_OBJC_IMPLICIT_RETAIN_SELF = YES;
				CLANG_WARN_OBJC_LITERAL_CONVERSION = YES;
				CLANG_WARN_OBJC_ROOT_CLASS = YES_ERROR;
				CLANG_WARN_RANGE_LOOP_ANALYSIS = YES;
				CLANG_WARN_STRICT_PROTOTYPES = YES;
				CLANG_WARN_SUSPICIOUS_MOVE = YES;
				CLANG_WARN_UNGUARDED_AVAILABILITY = YES_AGGRESSIVE;
				CLANG_WARN_UNREACHABLE_CODE = YES;
				CLANG_WARN__DUPLICATE_METHOD_MATCH = YES;
				CODE_SIGN_IDENTITY = "iPhone Developer";
				COPY_PHASE_STRIP = NO;
				DEBUG_INFORMATION_FORMAT = dwarf;
				ENABLE_STRICT_OBJC_MSGSEND = YES;
				ENABLE_TESTABILITY = YES;
				GCC_C_LANGUAGE_STANDARD = gnu11;
				GCC_DYNAMIC_NO_PIC = NO;
				GCC_NO_COMMON_BLOCKS = YES;
				GCC_OPTIMIZATION_LEVEL = 0;
				GCC_PREPROCESSOR_DEFINITIONS = (
					"DEBUG=1",
					"$(inherited)",
				);
				GCC_WARN_64_TO_32_BIT_CONVERSION = YES;
				GCC_WARN_ABOUT_RETURN_TYPE = YES_ERROR;
				GCC_WARN_UNDECLARED_SELECTOR = YES;
				GCC_WARN_UNINITIALIZED_AUTOS = YES_AGGRESSIVE;
				GCC_WARN_UNUSED_FUNCTION = YES;
				GCC_WARN_UNUSED_VARIABLE = YES;
				IPHONEOS_DEPLOYMENT_TARGET = 11.3;
				MTL_ENABLE_DEBUG_INFO = YES;
				ONLY_ACTIVE_ARCH = YES;
				SDKROOT = iphoneos;
				SWIFT_ACTIVE_COMPILATION_CONDITIONS = DEBUG;
				SWIFT_OPTIMIZATION_LEVEL = "-Onone";
			};
			name = Debug;
		};
		2C5B7DA22088AD9400CD46C7 /* Release */ = {
			isa = XCBuildConfiguration;
			buildSettings = {
				ALWAYS_SEARCH_USER_PATHS = NO;
				CLANG_ANALYZER_NONNULL = YES;
				CLANG_ANALYZER_NUMBER_OBJECT_CONVERSION = YES_AGGRESSIVE;
				CLANG_CXX_LANGUAGE_STANDARD = "gnu++14";
				CLANG_CXX_LIBRARY = "libc++";
				CLANG_ENABLE_MODULES = YES;
				CLANG_ENABLE_OBJC_ARC = YES;
				CLANG_ENABLE_OBJC_WEAK = YES;
				CLANG_WARN_BLOCK_CAPTURE_AUTORELEASING = YES;
				CLANG_WARN_BOOL_CONVERSION = YES;
				CLANG_WARN_COMMA = YES;
				CLANG_WARN_CONSTANT_CONVERSION = YES;
				CLANG_WARN_DEPRECATED_OBJC_IMPLEMENTATIONS = YES;
				CLANG_WARN_DIRECT_OBJC_ISA_USAGE = YES_ERROR;
				CLANG_WARN_DOCUMENTATION_COMMENTS = YES;
				CLANG_WARN_EMPTY_BODY = YES;
				CLANG_WARN_ENUM_CONVERSION = YES;
				CLANG_WARN_INFINITE_RECURSION = YES;
				CLANG_WARN_INT_CONVERSION = YES;
				CLANG_WARN_NON_LITERAL_NULL_CONVERSION = YES;
				CLANG_WARN_OBJC_IMPLICIT_RETAIN_SELF = YES;
				CLANG_WARN_OBJC_LITERAL_CONVERSION = YES;
				CLANG_WARN_OBJC_ROOT_CLASS = YES_ERROR;
				CLANG_WARN_RANGE_LOOP_ANALYSIS = YES;
				CLANG_WARN_STRICT_PROTOTYPES = YES;
				CLANG_WARN_SUSPICIOUS_MOVE = YES;
				CLANG_WARN_UNGUARDED_AVAILABILITY = YES_AGGRESSIVE;
				CLANG_WARN_UNREACHABLE_CODE = YES;
				CLANG_WARN__DUPLICATE_METHOD_MATCH = YES;
				CODE_SIGN_IDENTITY = "iPhone Developer";
				COPY_PHASE_STRIP = NO;
				DEBUG_INFORMATION_FORMAT = "dwarf-with-dsym";
				ENABLE_NS_ASSERTIONS = NO;
				ENABLE_STRICT_OBJC_MSGSEND = YES;
				GCC_C_LANGUAGE_STANDARD = gnu11;
				GCC_NO_COMMON_BLOCKS = YES;
				GCC_WARN_64_TO_32_BIT_CONVERSION = YES;
				GCC_WARN_ABOUT_RETURN_TYPE = YES_ERROR;
				GCC_WARN_UNDECLARED_SELECTOR = YES;
				GCC_WARN_UNINITIALIZED_AUTOS = YES_AGGRESSIVE;
				GCC_WARN_UNUSED_FUNCTION = YES;
				GCC_WARN_UNUSED_VARIABLE = YES;
				IPHONEOS_DEPLOYMENT_TARGET = 11.3;
				MTL_ENABLE_DEBUG_INFO = NO;
				SDKROOT = iphoneos;
				SWIFT_COMPILATION_MODE = wholemodule;
				SWIFT_OPTIMIZATION_LEVEL = "-O";
				VALIDATE_PRODUCT = YES;
			};
			name = Release;
		};
		2C5B7DA42088AD9400CD46C7 /* Debug */ = {
			isa = XCBuildConfiguration;
			buildSettings = {
				ALWAYS_EMBED_SWIFT_STANDARD_LIBRARIES = YES;
				ASSETCATALOG_COMPILER_APPICON_NAME = AppIcon;
				CODE_SIGN_STYLE = Automatic;
				DEVELOPMENT_TEAM = HM339PHYX5;
				INFOPLIST_FILE = SampleApp/Info.plist;
				LD_RUNPATH_SEARCH_PATHS = (
					"$(inherited)",
					"@executable_path/Frameworks",
				);
				PRODUCT_BUNDLE_IDENTIFIER = com.touchutility.SampleApp;
				PRODUCT_NAME = "$(TARGET_NAME)";
				SWIFT_VERSION = 4.0;
				TARGETED_DEVICE_FAMILY = "1,2";
			};
			name = Debug;
		};
		2C5B7DA52088AD9400CD46C7 /* Release */ = {
			isa = XCBuildConfiguration;
			buildSettings = {
				ALWAYS_EMBED_SWIFT_STANDARD_LIBRARIES = YES;
				ASSETCATALOG_COMPILER_APPICON_NAME = AppIcon;
				CODE_SIGN_STYLE = Automatic;
				DEVELOPMENT_TEAM = HM339PHYX5;
				INFOPLIST_FILE = SampleApp/Info.plist;
				LD_RUNPATH_SEARCH_PATHS = (
					"$(inherited)",
					"@executable_path/Frameworks",
				);
				PRODUCT_BUNDLE_IDENTIFIER = com.touchutility.SampleApp;
				PRODUCT_NAME = "$(TARGET_NAME)";
				SWIFT_VERSION = 4.0;
				TARGETED_DEVICE_FAMILY = "1,2";
			};
			name = Release;
		};
		2C5B7DB32088ADC800CD46C7 /* Debug */ = {
			isa = XCBuildConfiguration;
			buildSettings = {
				CODE_SIGN_STYLE = Automatic;
				DEVELOPMENT_TEAM = HM339PHYX5;
				INFOPLIST_FILE = SampleKeyboard/Info.plist;
				LD_RUNPATH_SEARCH_PATHS = (
					"$(inherited)",
					"@executable_path/Frameworks",
					"@executable_path/../../Frameworks",
				);
				PRODUCT_BUNDLE_IDENTIFIER = com.touchutility.SampleApp.SampleKeyboard;
				PRODUCT_NAME = "$(TARGET_NAME)";
				SKIP_INSTALL = YES;
				SWIFT_VERSION = 4.0;
				TARGETED_DEVICE_FAMILY = "1,2";
			};
			name = Debug;
		};
		2C5B7DB42088ADC800CD46C7 /* Release */ = {
			isa = XCBuildConfiguration;
			buildSettings = {
				CODE_SIGN_STYLE = Automatic;
				DEVELOPMENT_TEAM = HM339PHYX5;
				INFOPLIST_FILE = SampleKeyboard/Info.plist;
				LD_RUNPATH_SEARCH_PATHS = (
					"$(inherited)",
					"@executable_path/Frameworks",
					"@executable_path/../../Frameworks",
				);
				PRODUCT_BUNDLE_IDENTIFIER = com.touchutility.SampleApp.SampleKeyboard;
				PRODUCT_NAME = "$(TARGET_NAME)";
				SKIP_INSTALL = YES;
				SWIFT_VERSION = 4.0;
				TARGETED_DEVICE_FAMILY = "1,2";
			};
			name = Release;
		};
/* End XCBuildConfiguration section */

/* Begin XCConfigurationList section */
		2C5B7D8C2088AD9200CD46C7 /* Build configuration list for PBXProject "SampleApp" */ = {
			isa = XCConfigurationList;
			buildConfigurations = (
				2C5B7DA12088AD9400CD46C7 /* Debug */,
				2C5B7DA22088AD9400CD46C7 /* Release */,
			);
			defaultConfigurationIsVisible = 0;
			defaultConfigurationName = Release;
		};
		2C5B7DA32088AD9400CD46C7 /* Build configuration list for PBXNativeTarget "SampleApp" */ = {
			isa = XCConfigurationList;
			buildConfigurations = (
				2C5B7DA42088AD9400CD46C7 /* Debug */,
				2C5B7DA52088AD9400CD46C7 /* Release */,
			);
			defaultConfigurationIsVisible = 0;
			defaultConfigurationName = Release;
		};
		2C5B7DB22088ADC800CD46C7 /* Build configuration list for PBXNativeTarget "SampleKeyboard" */ = {
			isa = XCConfigurationList;
			buildConfigurations = (
				2C5B7DB32088ADC800CD46C7 /* Debug */,
				2C5B7DB42088ADC800CD46C7 /* Release */,
			);
			defaultConfigurationIsVisible = 0;
			defaultConfigurationName = Release;
		};
/* End XCConfigurationList section */
	};
	rootObject = 2C5B7D892088AD9200CD46C7 /* Project object */;
}
